
Microsoft Visual Studio Solution File, Format Version 12.00
# Visual Studio 15
VisualStudioVersion = 15.0.28010.2019
MinimumVisualStudioVersion = 10.0.40219.1
Project("{FAE04EC0-301F-11D3-BF4B-00C04F79EFBC}") = "Interwal", "Interwal\Interwal.csproj", "{FF6EB2BA-C364-4404-A3F6-03C024AA712C}"
EndProject
Global
	GlobalSection(SolutionConfigurationPlatforms) = preSolution
		Debug|Any CPU = Debug|Any CPU
		Release|Any CPU = Release|Any CPU
	EndGlobalSection
	GlobalSection(ProjectConfigurationPlatforms) = postSolution
		{FF6EB2BA-C364-4404-A3F6-03C024AA712C}.Debug|Any CPU.ActiveCfg = Debug|Any CPU
		{FF6EB2BA-C364-4404-A3F6-03C024AA712C}.Debug|Any CPU.Build.0 = Debug|Any CPU
		{FF6EB2BA-C364-4404-A3F6-03C024AA712C}.Release|Any CPU.ActiveCfg = Release|Any CPU
		{FF6EB2BA-C364-4404-A3F6-03C024AA712C}.Release|Any CPU.Build.0 = Release|Any CPU
	EndGlobalSection
	GlobalSection(SolutionProperties) = preSolution
		HideSolutionNode = FALSE
	EndGlobalSection
	GlobalSection(ExtensibilityGlobals) = postSolution
		SolutionGuid = {8863DBCE-3ADB-441F-A914-534748624D14}
	EndGlobalSection
EndGlobal
